// !$*UTF8*$!
{
	archiveVersion = 1;
	classes = {
	};
	objectVersion = 46;
	objects = {

/* Begin PBXBuildFile section */
		674DF63418C364E90046822F /* Foundation.framework in Frameworks */ = {isa = PBXBuildFile; fileRef = 674DF63318C364E90046822F /* Foundation.framework */; };
		674DF63618C364E90046822F /* CoreGraphics.framework in Frameworks */ = {isa = PBXBuildFile; fileRef = 674DF63518C364E90046822F /* CoreGraphics.framework */; };
		674DF63818C364E90046822F /* UIKit.framework in Frameworks */ = {isa = PBXBuildFile; fileRef = 674DF63718C364E90046822F /* UIKit.framework */; };
		674DF63E18C364E90046822F /* InfoPlist.strings in Resources */ = {isa = PBXBuildFile; fileRef = 674DF63C18C364E90046822F /* InfoPlist.strings */; };
		674DF64018C364E90046822F /* main.m in Sources */ = {isa = PBXBuildFile; fileRef = 674DF63F18C364E90046822F /* main.m */; };
		674DF64418C364E90046822F /* TOGAppDelegate.m in Sources */ = {isa = PBXBuildFile; fileRef = 674DF64318C364E90046822F /* TOGAppDelegate.m */; };
		674DF64718C364E90046822F /* Main.storyboard in Resources */ = {isa = PBXBuildFile; fileRef = 674DF64518C364E90046822F /* Main.storyboard */; };
		674DF64A18C364EA0046822F /* TOGViewController.m in Sources */ = {isa = PBXBuildFile; fileRef = 674DF64918C364EA0046822F /* TOGViewController.m */; };
		674DF64C18C364EA0046822F /* Images.xcassets in Resources */ = {isa = PBXBuildFile; fileRef = 674DF64B18C364EA0046822F /* Images.xcassets */; };
		674DF65318C364EA0046822F /* XCTest.framework in Frameworks */ = {isa = PBXBuildFile; fileRef = 674DF65218C364EA0046822F /* XCTest.framework */; };
		674DF65418C364EA0046822F /* Foundation.framework in Frameworks */ = {isa = PBXBuildFile; fileRef = 674DF63318C364E90046822F /* Foundation.framework */; };
		674DF65518C364EA0046822F /* UIKit.framework in Frameworks */ = {isa = PBXBuildFile; fileRef = 674DF63718C364E90046822F /* UIKit.framework */; };
		674DF65D18C364EA0046822F /* InfoPlist.strings in Resources */ = {isa = PBXBuildFile; fileRef = 674DF65B18C364EA0046822F /* InfoPlist.strings */; };
		674DF65F18C364EA0046822F /* GitTestTests.m in Sources */ = {isa = PBXBuildFile; fileRef = 674DF65E18C364EA0046822F /* GitTestTests.m */; };
/* End PBXBuildFile section */

/* Begin PBXContainerItemProxy section */
		674DF65618C364EA0046822F /* PBXContainerItemProxy */ = {
			isa = PBXContainerItemProxy;
			containerPortal = 674DF62818C364E90046822F /* Project object */;
			proxyType = 1;
			remoteGlobalIDString = 674DF62F18C364E90046822F;
			remoteInfo = GitTest;
		};
/* End PBXContainerItemProxy section */

/* Begin PBXFileReference section */
		674DF63018C364E90046822F /* GitTest.app */ = {isa = PBXFileReference; explicitFileType = wrapper.application; includeInIndex = 0; path = GitTest.app; sourceTree = BUILT_PRODUCTS_DIR; };
		674DF63318C364E90046822F /* Foundation.framework */ = {isa = PBXFileReference; lastKnownFileType = wrapper.framework; name = Foundation.framework; path = System/Library/Frameworks/Foundation.framework; sourceTree = SDKROOT; };
		674DF63518C364E90046822F /* CoreGraphics.framework */ = {isa = PBXFileReference; lastKnownFileType = wrapper.framework; name = CoreGraphics.framework; path = System/Library/Frameworks/CoreGraphics.framework; sourceTree = SDKROOT; };
		674DF63718C364E90046822F /* UIKit.framework */ = {isa = PBXFileReference; lastKnownFileType = wrapper.framework; name = UIKit.framework; path = System/Library/Frameworks/UIKit.framework; sourceTree = SDKROOT; };
		674DF63B18C364E90046822F /* GitTest-Info.plist */ = {isa = PBXFileReference; lastKnownFileType = text.plist.xml; path = "GitTest-Info.plist"; sourceTree = "<group>"; };
		674DF63D18C364E90046822F /* en */ = {isa = PBXFileReference; lastKnownFileType = text.plist.strings; name = en; path = en.lproj/InfoPlist.strings; sourceTree = "<group>"; };
		674DF63F18C364E90046822F /* main.m */ = {isa = PBXFileReference; lastKnownFileType = sourcecode.c.objc; path = main.m; sourceTree = "<group>"; };
		674DF64118C364E90046822F /* GitTest-Prefix.pch */ = {isa = PBXFileReference; lastKnownFileType = sourcecode.c.h; path = "GitTest-Prefix.pch"; sourceTree = "<group>"; };
		674DF64218C364E90046822F /* TOGAppDelegate.h */ = {isa = PBXFileReference; lastKnownFileType = sourcecode.c.h; path = TOGAppDelegate.h; sourceTree = "<group>"; };
		674DF64318C364E90046822F /* TOGAppDelegate.m */ = {isa = PBXFileReference; lastKnownFileType = sourcecode.c.objc; path = TOGAppDelegate.m; sourceTree = "<group>"; };
		674DF64618C364E90046822F /* Base */ = {isa = PBXFileReference; lastKnownFileType = file.storyboard; name = Base; path = Base.lproj/Main.storyboard; sourceTree = "<group>"; };
		674DF64818C364E90046822F /* TOGViewController.h */ = {isa = PBXFileReference; lastKnownFileType = sourcecode.c.h; path = TOGViewController.h; sourceTree = "<group>"; };
		674DF64918C364EA0046822F /* TOGViewController.m */ = {isa = PBXFileReference; lastKnownFileType = sourcecode.c.objc; path = TOGViewController.m; sourceTree = "<group>"; };
		674DF64B18C364EA0046822F /* Images.xcassets */ = {isa = PBXFileReference; lastKnownFileType = folder.assetcatalog; path = Images.xcassets; sourceTree = "<group>"; };
		674DF65118C364EA0046822F /* GitTestTests.xctest */ = {isa = PBXFileReference; explicitFileType = wrapper.cfbundle; includeInIndex = 0; path = GitTestTests.xctest; sourceTree = BUILT_PRODUCTS_DIR; };
		674DF65218C364EA0046822F /* XCTest.framework */ = {isa = PBXFileReference; lastKnownFileType = wrapper.framework; name = XCTest.framework; path = Library/Frameworks/XCTest.framework; sourceTree = DEVELOPER_DIR; };
		674DF65A18C364EA0046822F /* GitTestTests-Info.plist */ = {isa = PBXFileReference; lastKnownFileType = text.plist.xml; path = "GitTestTests-Info.plist"; sourceTree = "<group>"; };
		674DF65C18C364EA0046822F /* en */ = {isa = PBXFileReference; lastKnownFileType = text.plist.strings; name = en; path = en.lproj/InfoPlist.strings; sourceTree = "<group>"; };
		674DF65E18C364EA0046822F /* GitTestTests.m */ = {isa = PBXFileReference; lastKnownFileType = sourcecode.c.objc; path = GitTestTests.m; sourceTree = "<group>"; };
/* End PBXFileReference section */

/* Begin PBXFrameworksBuildPhase section */
		674DF62D18C364E90046822F /* Frameworks */ = {
			isa = PBXFrameworksBuildPhase;
			buildActionMask = 2147483647;
			files = (
				674DF63618C364E90046822F /* CoreGraphics.framework in Frameworks */,
				674DF63818C364E90046822F /* UIKit.framework in Frameworks */,
				674DF63418C364E90046822F /* Foundation.framework in Frameworks */,
			);
			runOnlyForDeploymentPostprocessing = 0;
		};
		674DF64E18C364EA0046822F /* Frameworks */ = {
			isa = PBXFrameworksBuildPhase;
			buildActionMask = 2147483647;
			files = (
				674DF65318C364EA0046822F /* XCTest.framework in Frameworks */,
				674DF65518C364EA0046822F /* UIKit.framework in Frameworks */,
				674DF65418C364EA0046822F /* Foundation.framework in Frameworks */,
			);
			runOnlyForDeploymentPostprocessing = 0;
		};
/* End PBXFrameworksBuildPhase section */

/* Begin PBXGroup section */
		674DF62718C364E90046822F = {
			isa = PBXGroup;
			children = (
				674DF63918C364E90046822F /* GitTest */,
				674DF65818C364EA0046822F /* GitTestTests */,
				674DF63218C364E90046822F /* Frameworks */,
				674DF63118C364E90046822F /* Products */,
			);
			sourceTree = "<group>";
		};
		674DF63118C364E90046822F /* Products */ = {
			isa = PBXGroup;
			children = (
				674DF63018C364E90046822F /* GitTest.app */,
				674DF65118C364EA0046822F /* GitTestTests.xctest */,
			);
			name = Products;
			sourceTree = "<group>";
		};
		674DF63218C364E90046822F /* Frameworks */ = {
			isa = PBXGroup;
			children = (
				674DF63318C364E90046822F /* Foundation.framework */,
				674DF63518C364E90046822F /* CoreGraphics.framework */,
				674DF63718C364E90046822F /* UIKit.framework */,
				674DF65218C364EA0046822F /* XCTest.framework */,
			);
			name = Frameworks;
			sourceTree = "<group>";
		};
		674DF63918C364E90046822F /* GitTest */ = {
			isa = PBXGroup;
			children = (
				674DF64218C364E90046822F /* TOGAppDelegate.h */,
				674DF64318C364E90046822F /* TOGAppDelegate.m */,
				674DF64518C364E90046822F /* Main.storyboard */,
				674DF64818C364E90046822F /* TOGViewController.h */,
				674DF64918C364EA0046822F /* TOGViewController.m */,
				674DF64B18C364EA0046822F /* Images.xcassets */,
				674DF63A18C364E90046822F /* Supporting Files */,
			);
			path = GitTest;
			sourceTree = "<group>";
		};
		674DF63A18C364E90046822F /* Supporting Files */ = {
			isa = PBXGroup;
			children = (
				674DF63B18C364E90046822F /* GitTest-Info.plist */,
				674DF63C18C364E90046822F /* InfoPlist.strings */,
				674DF63F18C364E90046822F /* main.m */,
				674DF64118C364E90046822F /* GitTest-Prefix.pch */,
			);
			name = "Supporting Files";
			sourceTree = "<group>";
		};
		674DF65818C364EA0046822F /* GitTestTests */ = {
			isa = PBXGroup;
			children = (
				674DF65E18C364EA0046822F /* GitTestTests.m */,
				674DF65918C364EA0046822F /* Supporting Files */,
			);
			path = GitTestTests;
			sourceTree = "<group>";
		};
		674DF65918C364EA0046822F /* Supporting Files */ = {
			isa = PBXGroup;
			children = (
				674DF65A18C364EA0046822F /* GitTestTests-Info.plist */,
				674DF65B18C364EA0046822F /* InfoPlist.strings */,
			);
			name = "Supporting Files";
			sourceTree = "<group>";
		};
/* End PBXGroup section */

/* Begin PBXNativeTarget section */
		674DF62F18C364E90046822F /* GitTest */ = {
			isa = PBXNativeTarget;
			buildConfigurationList = 674DF66218C364EA0046822F /* Build configuration list for PBXNativeTarget "GitTest" */;
			buildPhases = (
				674DF62C18C364E90046822F /* Sources */,
				674DF62D18C364E90046822F /* Frameworks */,
				674DF62E18C364E90046822F /* Resources */,
			);
			buildRules = (
			);
			dependencies = (
			);
			name = GitTest;
			productName = GitTest;
			productReference = 674DF63018C364E90046822F /* GitTest.app */;
			productType = "com.apple.product-type.application";
		};
		674DF65018C364EA0046822F /* GitTestTests */ = {
			isa = PBXNativeTarget;
			buildConfigurationList = 674DF66518C364EA0046822F /* Build configuration list for PBXNativeTarget "GitTestTests" */;
			buildPhases = (
				674DF64D18C364EA0046822F /* Sources */,
				674DF64E18C364EA0046822F /* Frameworks */,
				674DF64F18C364EA0046822F /* Resources */,
			);
			buildRules = (
			);
			dependencies = (
				674DF65718C364EA0046822F /* PBXTargetDependency */,
			);
			name = GitTestTests;
			productName = GitTestTests;
			productReference = 674DF65118C364EA0046822F /* GitTestTests.xctest */;
			productType = "com.apple.product-type.bundle.unit-test";
		};
/* End PBXNativeTarget section */

/* Begin PBXProject section */
		674DF62818C364E90046822F /* Project object */ = {
			isa = PBXProject;
			attributes = {
				CLASSPREFIX = TOG;
				LastUpgradeCheck = 0500;
				ORGANIZATIONNAME = "Markus Breuer";
				TargetAttributes = {
					674DF65018C364EA0046822F = {
						TestTargetID = 674DF62F18C364E90046822F;
					};
				};
			};
			buildConfigurationList = 674DF62B18C364E90046822F /* Build configuration list for PBXProject "GitTest" */;
			compatibilityVersion = "Xcode 3.2";
			developmentRegion = English;
			hasScannedForEncodings = 0;
			knownRegions = (
				en,
				Base,
			);
			mainGroup = 674DF62718C364E90046822F;
			productRefGroup = 674DF63118C364E90046822F /* Products */;
			projectDirPath = "";
			projectRoot = "";
			targets = (
				674DF62F18C364E90046822F /* GitTest */,
				674DF65018C364EA0046822F /* GitTestTests */,
			);
		};
/* End PBXProject section */

/* Begin PBXResourcesBuildPhase section */
		674DF62E18C364E90046822F /* Resources */ = {
			isa = PBXResourcesBuildPhase;
			buildActionMask = 2147483647;
			files = (
				674DF64C18C364EA0046822F /* Images.xcassets in Resources */,
				674DF63E18C364E90046822F /* InfoPlist.strings in Resources */,
				674DF64718C364E90046822F /* Main.storyboard in Resources */,
			);
			runOnlyForDeploymentPostprocessing = 0;
		};
		674DF64F18C364EA0046822F /* Resources */ = {
			isa = PBXResourcesBuildPhase;
			buildActionMask = 2147483647;
			files = (
				674DF65D18C364EA0046822F /* InfoPlist.strings in Resources */,
			);
			runOnlyForDeploymentPostprocessing = 0;
		};
/* End PBXResourcesBuildPhase section */

/* Begin PBXSourcesBuildPhase section */
		674DF62C18C364E90046822F /* Sources */ = {
			isa = PBXSourcesBuildPhase;
			buildActionMask = 2147483647;
			files = (
				674DF64A18C364EA0046822F /* TOGViewController.m in Sources */,
				674DF64018C364E90046822F /* main.m in Sources */,
				674DF64418C364E90046822F /* TOGAppDelegate.m in Sources */,
			);
			runOnlyForDeploymentPostprocessing = 0;
		};
		674DF64D18C364EA0046822F /* Sources */ = {
			isa = PBXSourcesBuildPhase;
			buildActionMask = 2147483647;
			files = (
				674DF65F18C364EA0046822F /* GitTestTests.m in Sources */,
			);
			runOnlyForDeploymentPostprocessing = 0;
		};
/* End PBXSourcesBuildPhase section */

/* Begin PBXTargetDependency section */
		674DF65718C364EA0046822F /* PBXTargetDependency */ = {
			isa = PBXTargetDependency;
			target = 674DF62F18C364E90046822F /* GitTest */;
			targetProxy = 674DF65618C364EA0046822F /* PBXContainerItemProxy */;
		};
/* End PBXTargetDependency section */

/* Begin PBXVariantGroup section */
		674DF63C18C364E90046822F /* InfoPlist.strings */ = {
			isa = PBXVariantGroup;
			children = (
				674DF63D18C364E90046822F /* en */,
			);
			name = InfoPlist.strings;
			sourceTree = "<group>";
		};
		674DF64518C364E90046822F /* Main.storyboard */ = {
			isa = PBXVariantGroup;
			children = (
				674DF64618C364E90046822F /* Base */,
			);
			name = Main.storyboard;
			sourceTree = "<group>";
		};
		674DF65B18C364EA0046822F /* InfoPlist.strings */ = {
			isa = PBXVariantGroup;
			children = (
				674DF65C18C364EA0046822F /* en */,
			);
			name = InfoPlist.strings;
			sourceTree = "<group>";
		};
/* End PBXVariantGroup section */

/* Begin XCBuildConfiguration section */
		674DF66018C364EA0046822F /* Debug */ = {
			isa = XCBuildConfiguration;
			buildSettings = {
				ALWAYS_SEARCH_USER_PATHS = NO;
				ARCHS = "$(ARCHS_STANDARD_INCLUDING_64_BIT)";
				CLANG_CXX_LANGUAGE_STANDARD = "gnu++0x";
				CLANG_CXX_LIBRARY = "libc++";
				CLANG_ENABLE_MODULES = YES;
				CLANG_ENABLE_OBJC_ARC = YES;
				CLANG_WARN_BOOL_CONVERSION = YES;
				CLANG_WARN_CONSTANT_CONVERSION = YES;
				CLANG_WARN_DIRECT_OBJC_ISA_USAGE = YES_ERROR;
				CLANG_WARN_EMPTY_BODY = YES;
				CLANG_WARN_ENUM_CONVERSION = YES;
				CLANG_WARN_INT_CONVERSION = YES;
				CLANG_WARN_OBJC_ROOT_CLASS = YES_ERROR;
				CLANG_WARN__DUPLICATE_METHOD_MATCH = YES;
				"CODE_SIGN_IDENTITY[sdk=iphoneos*]" = "iPhone Developer";
				COPY_PHASE_STRIP = NO;
				GCC_C_LANGUAGE_STANDARD = gnu99;
				GCC_DYNAMIC_NO_PIC = NO;
				GCC_OPTIMIZATION_LEVEL = 0;
				GCC_PREPROCESSOR_DEFINITIONS = (
					"DEBUG=1",
					"$(inherited)",
				);
				GCC_SYMBOLS_PRIVATE_EXTERN = NO;
				GCC_WARN_64_TO_32_BIT_CONVERSION = YES;
				GCC_WARN_ABOUT_RETURN_TYPE = YES_ERROR;
				GCC_WARN_UNDECLARED_SELECTOR = YES;
				GCC_WARN_UNINITIALIZED_AUTOS = YES;
				GCC_WARN_UNUSED_FUNCTION = YES;
				GCC_WARN_UNUSED_VARIABLE = YES;
				IPHONEOS_DEPLOYMENT_TARGET = 7.0;
				ONLY_ACTIVE_ARCH = YES;
				SDKROOT = iphoneos;
			};
			name = Debug;
		};
		674DF66118C364EA0046822F /* Release */ = {
			isa = XCBuildConfiguration;
			buildSettings = {
				ALWAYS_SEARCH_USER_PATHS = NO;
				ARCHS = "$(ARCHS_STANDARD_INCLUDING_64_BIT)";
				CLANG_CXX_LANGUAGE_STANDARD = "gnu++0x";
				CLANG_CXX_LIBRARY = "libc++";
				CLANG_ENABLE_MODULES = YES;
				CLANG_ENABLE_OBJC_ARC = YES;
				CLANG_WARN_BOOL_CONVERSION = YES;
				CLANG_WARN_CONSTANT_CONVERSION = YES;
				CLANG_WARN_DIRECT_OBJC_ISA_USAGE = YES_ERROR;
				CLANG_WARN_EMPTY_BODY = YES;
				CLANG_WARN_ENUM_CONVERSION = YES;
				CLANG_WARN_INT_CONVERSION = YES;
				CLANG_WARN_OBJC_ROOT_CLASS = YES_ERROR;
				CLANG_WARN__DUPLICATE_METHOD_MATCH = YES;
				"CODE_SIGN_IDENTITY[sdk=iphoneos*]" = "iPhone Developer";
				COPY_PHASE_STRIP = YES;
				ENABLE_NS_ASSERTIONS = NO;
				GCC_C_LANGUAGE_STANDARD = gnu99;
				GCC_WARN_64_TO_32_BIT_CONVERSION = YES;
				GCC_WARN_ABOUT_RETURN_TYPE = YES_ERROR;
				GCC_WARN_UNDECLARED_SELECTOR = YES;
				GCC_WARN_UNINITIALIZED_AUTOS = YES;
				GCC_WARN_UNUSED_FUNCTION = YES;
				GCC_WARN_UNUSED_VARIABLE = YES;
				IPHONEOS_DEPLOYMENT_TARGET = 7.0;
				SDKROOT = iphoneos;
				VALIDATE_PRODUCT = YES;
			};
			name = Release;
		};
		674DF66318C364EA0046822F /* Debug */ = {
			isa = XCBuildConfiguration;
			buildSettings = {
				ASSETCATALOG_COMPILER_APPICON_NAME = AppIcon;
				ASSETCATALOG_COMPILER_LAUNCHIMAGE_NAME = LaunchImage;
				GCC_PRECOMPILE_PREFIX_HEADER = YES;
				GCC_PREFIX_HEADER = "GitTest/GitTest-Prefix.pch";
				INFOPLIST_FILE = "GitTest/GitTest-Info.plist";
				PRODUCT_NAME = "$(TARGET_NAME)";
				WRAPPER_EXTENSION = app;
			};
			name = Debug;
		};
		674DF66418C364EA0046822F /* Release */ = {
			isa = XCBuildConfiguration;
			buildSettings = {
				ASSETCATALOG_COMPILER_APPICON_NAME = AppIcon;
				ASSETCATALOG_COMPILER_LAUNCHIMAGE_NAME = LaunchImage;
				GCC_PRECOMPILE_PREFIX_HEADER = YES;
				GCC_PREFIX_HEADER = "GitTest/GitTest-Prefix.pch";
				INFOPLIST_FILE = "GitTest/GitTest-Info.plist";
				PRODUCT_NAME = "$(TARGET_NAME)";
				WRAPPER_EXTENSION = app;
			};
			name = Release;
		};
		674DF66618C364EA0046822F /* Debug */ = {
			isa = XCBuildConfiguration;
			buildSettings = {
				ARCHS = "$(ARCHS_STANDARD_INCLUDING_64_BIT)";
				BUNDLE_LOADER = "$(BUILT_PRODUCTS_DIR)/GitTest.app/GitTest";
				FRAMEWORK_SEARCH_PATHS = (
					"$(SDKROOT)/Developer/Library/Frameworks",
					"$(inherited)",
					"$(DEVELOPER_FRAMEWORKS_DIR)",
				);
				GCC_PRECOMPILE_PREFIX_HEADER = YES;
				GCC_PREFIX_HEADER = "GitTest/GitTest-Prefix.pch";
				GCC_PREPROCESSOR_DEFINITIONS = (
					"DEBUG=1",
					"$(inherited)",
				);
				INFOPLIST_FILE = "GitTestTests/GitTestTests-Info.plist";
				PRODUCT_NAME = "$(TARGET_NAME)";
				TEST_HOST = "$(BUNDLE_LOADER)";
				WRAPPER_EXTENSION = xctest;
			};
			name = Debug;
		};
		674DF66718C364EA0046822F /* Release */ = {
			isa = XCBuildConfiguration;
			buildSettings = {
				ARCHS = "$(ARCHS_STANDARD_INCLUDING_64_BIT)";
				BUNDLE_LOADER = "$(BUILT_PRODUCTS_DIR)/GitTest.app/GitTest";
				FRAMEWORK_SEARCH_PATHS = (
					"$(SDKROOT)/Developer/Library/Frameworks",
					"$(inherited)",
					"$(DEVELOPER_FRAMEWORKS_DIR)",
				);
				GCC_PRECOMPILE_PREFIX_HEADER = YES;
				GCC_PREFIX_HEADER = "GitTest/GitTest-Prefix.pch";
				INFOPLIST_FILE = "GitTestTests/GitTestTests-Info.plist";
				PRODUCT_NAME = "$(TARGET_NAME)";
				TEST_HOST = "$(BUNDLE_LOADER)";
				WRAPPER_EXTENSION = xctest;
			};
			name = Release;
		};
/* End XCBuildConfiguration section */

/* Begin XCConfigurationList section */
		674DF62B18C364E90046822F /* Build configuration list for PBXProject "GitTest" */ = {
			isa = XCConfigurationList;
			buildConfigurations = (
				674DF66018C364EA0046822F /* Debug */,
				674DF66118C364EA0046822F /* Release */,
			);
			defaultConfigurationIsVisible = 0;
			defaultConfigurationName = Release;
		};
		674DF66218C364EA0046822F /* Build configuration list for PBXNativeTarget "GitTest" */ = {
			isa = XCConfigurationList;
			buildConfigurations = (
				674DF66318C364EA0046822F /* Debug */,
				674DF66418C364EA0046822F /* Release */,
			);
			defaultConfigurationIsVisible = 0;
		};
		674DF66518C364EA0046822F /* Build configuration list for PBXNativeTarget "GitTestTests" */ = {
			isa = XCConfigurationList;
			buildConfigurations = (
				674DF66618C364EA0046822F /* Debug */,
				674DF66718C364EA0046822F /* Release */,
			);
			defaultConfigurationIsVisible = 0;
		};
/* End XCConfigurationList section */
	};
	rootObject = 674DF62818C364E90046822F /* Project object */;
}
